Microsoft Visual Studio Solution File, Format Version 12.00
# Visual Studio Version 16
VisualStudioVersion = 16.0.30320.27
MinimumVisualStudioVersion = 10.0.40219.1
Project("{FAE04EC0-301F-11D3-BF4B-00C04F79EFBC}") = "Rhino.Mocks.Tests", "Rhino.Mocks.Tests\Rhino.Mocks.Tests.csproj", "{C63839EC-BEF3-4DCD-BE23-B6DA21E8BE20}"
EndProject
Project("{FAE04EC0-301F-11D3-BF4B-00C04F79EFBC}") = "Rhino.Mocks", "Rhino.Mocks\Rhino.Mocks.csproj", "{1E8FECC7-9E9B-4275-A938-D956F5E5D4F8}"
EndProject
Project("{FAE04EC0-301F-11D3-BF4B-00C04F79EFBC}") = "Rhino.Mocks.Tests.Model", "Rhino.Mocks.Tests.Model\Rhino.Mocks.Tests.Model.csproj", "{3078B943-10A5-41FA-A68A-7C4FC98506A0}"
EndProject
Project("{FAE04EC0-301F-11D3-BF4B-00C04F79EFBC}") = "Rhino.Mocks.GettingStarted", "Rhino.Mocks.GettingStarted\Rhino.Mocks.GettingStarted.csproj", "{59F8A3E2-80C5-4250-909A-16741DF81B23}"
EndProject
Project("{D954291E-2A0B-460D-934E-DC6B0785DB48}") = "Rhino.Mocks.Shared", "Rhino.Mocks.Shared\Rhino.Mocks.Shared.shproj", "{9A26D478-2861-4774-90D9-B4A45A8AE626}"
EndProject
Project("{FAE04EC0-301F-11D3-BF4B-00C04F79EFBC}") = "Rhino.Mocks.Standard", "Rhino.Mocks.Standard\Rhino.Mocks.Standard.csproj", "{9C338291-9E0B-47A3-BE17-FB2D387ECF33}"
EndProject
Project("{FAE04EC0-301F-11D3-BF4B-00C04F79EFBC}") = "Rhino.Mocks.Core", "Rhino.Mocks.Core\Rhino.Mocks.Core.csproj", "{D393418E-9FD9-484B-BAA7-788867D5EB14}"
EndProject
Global
	GlobalSection(SharedMSBuildProjectFiles) = preSolution
		Rhino.Mocks.Shared\Rhino.Mocks.Shared.projitems*{1e8fecc7-9e9b-4275-a938-d956f5e5d4f8}*SharedItemsImports = 4
		Rhino.Mocks.Shared\Rhino.Mocks.Shared.projitems*{9a26d478-2861-4774-90d9-b4a45a8ae626}*SharedItemsImports = 13
		Rhino.Mocks.Shared\Rhino.Mocks.Shared.projitems*{9c338291-9e0b-47a3-be17-fb2d387ecf33}*SharedItemsImports = 5
		Rhino.Mocks.Shared\Rhino.Mocks.Shared.projitems*{c63839ec-bef3-4dcd-be23-b6da21e8be20}*SharedItemsImports = 4
		Rhino.Mocks.Shared\Rhino.Mocks.Shared.projitems*{d393418e-9fd9-484b-baa7-788867d5eb14}*SharedItemsImports = 5
	EndGlobalSection
	GlobalSection(SolutionConfigurationPlatforms) = preSolution
		Debug|Any CPU = Debug|Any CPU
		Debug|Mixed Platforms = Debug|Mixed Platforms
		Debug|Win32 = Debug|Win32
		Release|Any CPU = Release|Any CPU
		Release|Mixed Platforms = Release|Mixed Platforms
		Release|Win32 = Release|Win32
	EndGlobalSection
	GlobalSection(ProjectConfigurationPlatforms) = postSolution
		{C63839EC-BEF3-4DCD-BE23-B6DA21E8BE20}.Debug|Any CPU.ActiveCfg = Debug|Any CPU
		{C63839EC-BEF3-4DCD-BE23-B6DA21E8BE20}.Debug|Any CPU.Build.0 = Debug|Any CPU
		{C63839EC-BEF3-4DCD-BE23-B6DA21E8BE20}.Debug|Mixed Platforms.ActiveCfg = Debug|Any CPU
		{C63839EC-BEF3-4DCD-BE23-B6DA21E8BE20}.Debug|Mixed Platforms.Build.0 = Debug|Any CPU
		{C63839EC-BEF3-4DCD-BE23-B6DA21E8BE20}.Debug|Win32.ActiveCfg = Debug|Any CPU
		{C63839EC-BEF3-4DCD-BE23-B6DA21E8BE20}.Debug|Win32.Build.0 = Debug|Any CPU
		{C63839EC-BEF3-4DCD-BE23-B6DA21E8BE20}.Release|Any CPU.ActiveCfg = Release|Any CPU
		{C63839EC-BEF3-4DCD-BE23-B6DA21E8BE20}.Release|Any CPU.Build.0 = Release|Any CPU
		{C63839EC-BEF3-4DCD-BE23-B6DA21E8BE20}.Release|Mixed Platforms.ActiveCfg = Release|Any CPU
		{C63839EC-BEF3-4DCD-BE23-B6DA21E8BE20}.Release|Mixed Platforms.Build.0 = Release|Any CPU
		{C63839EC-BEF3-4DCD-BE23-B6DA21E8BE20}.Release|Win32.ActiveCfg = Release|Any CPU
		{1E8FECC7-9E9B-4275-A938-D956F5E5D4F8}.Debug|Any CPU.ActiveCfg = Debug|Any CPU
		{1E8FECC7-9E9B-4275-A938-D956F5E5D4F8}.Debug|Any CPU.Build.0 = Debug|Any CPU
		{1E8FECC7-9E9B-4275-A938-D956F5E5D4F8}.Debug|Mixed Platforms.ActiveCfg = Debug|Any CPU
		{1E8FECC7-9E9B-4275-A938-D956F5E5D4F8}.Debug|Mixed Platforms.Build.0 = Debug|Any CPU
		{1E8FECC7-9E9B-4275-A938-D956F5E5D4F8}.Debug|Win32.ActiveCfg = Debug|Any CPU
		{1E8FECC7-9E9B-4275-A938-D956F5E5D4F8}.Debug|Win32.Build.0 = Debug|Any CPU
		{1E8FECC7-9E9B-4275-A938-D956F5E5D4F8}.Release|Any CPU.ActiveCfg = Release|Any CPU
		{1E8FECC7-9E9B-4275-A938-D956F5E5D4F8}.Release|Any CPU.Build.0 = Release|Any CPU
		{1E8FECC7-9E9B-4275-A938-D956F5E5D4F8}.Release|Mixed Platforms.ActiveCfg = Release|Any CPU
		{1E8FECC7-9E9B-4275-A938-D956F5E5D4F8}.Release|Mixed Platforms.Build.0 = Release|Any CPU
		{1E8FECC7-9E9B-4275-A938-D956F5E5D4F8}.Release|Win32.ActiveCfg = Release|Any CPU
		{3078B943-10A5-41FA-A68A-7C4FC98506A0}.Debug|Any CPU.ActiveCfg = Debug|Any CPU
		{3078B943-10A5-41FA-A68A-7C4FC98506A0}.Debug|Any CPU.Build.0 = Debug|Any CPU
		{3078B943-10A5-41FA-A68A-7C4FC98506A0}.Debug|Mixed Platforms.ActiveCfg = Debug|Any CPU
		{3078B943-10A5-41FA-A68A-7C4FC98506A0}.Debug|Mixed Platforms.Build.0 = Debug|Any CPU
		{3078B943-10A5-41FA-A68A-7C4FC98506A0}.Debug|Win32.ActiveCfg = Debug|Any CPU
		{3078B943-10A5-41FA-A68A-7C4FC98506A0}.Debug|Win32.Build.0 = Debug|Any CPU
		{3078B943-10A5-41FA-A68A-7C4FC98506A0}.Release|Any CPU.ActiveCfg = Release|Any CPU
		{3078B943-10A5-41FA-A68A-7C4FC98506A0}.Release|Any CPU.Build.0 = Release|Any CPU
		{3078B943-10A5-41FA-A68A-7C4FC98506A0}.Release|Mixed Platforms.ActiveCfg = Release|Any CPU
		{3078B943-10A5-41FA-A68A-7C4FC98506A0}.Release|Mixed Platforms.Build.0 = Release|Any CPU
		{3078B943-10A5-41FA-A68A-7C4FC98506A0}.Release|Win32.ActiveCfg = Release|Any CPU
		{59F8A3E2-80C5-4250-909A-16741DF81B23}.Debug|Any CPU.ActiveCfg = Debug|Any CPU
		{59F8A3E2-80C5-4250-909A-16741DF81B23}.Debug|Any CPU.Build.0 = Debug|Any CPU
		{59F8A3E2-80C5-4250-909A-16741DF81B23}.Debug|Mixed Platforms.ActiveCfg = Debug|Any CPU
		{59F8A3E2-80C5-4250-909A-16741DF81B23}.Debug|Mixed Platforms.Build.0 = Debug|Any CPU
		{59F8A3E2-80C5-4250-909A-16741DF81B23}.Debug|Win32.ActiveCfg = Debug|Any CPU
		{59F8A3E2-80C5-4250-909A-16741DF81B23}.Debug|Win32.Build.0 = Debug|Any CPU
		{59F8A3E2-80C5-4250-909A-16741DF81B23}.Release|Any CPU.ActiveCfg = Release|Any CPU
		{59F8A3E2-80C5-4250-909A-16741DF81B23}.Release|Any CPU.Build.0 = Release|Any CPU
		{59F8A3E2-80C5-4250-909A-16741DF81B23}.Release|Mixed Platforms.ActiveCfg = Release|Any CPU
		{59F8A3E2-80C5-4250-909A-16741DF81B23}.Release|Mixed Platforms.Build.0 = Release|Any CPU
		{59F8A3E2-80C5-4250-909A-16741DF81B23}.Release|Win32.ActiveCfg = Release|Any CPU
		{9C338291-9E0B-47A3-BE17-FB2D387ECF33}.Debug|Any CPU.ActiveCfg = Debug|Any CPU
		{9C338291-9E0B-47A3-BE17-FB2D387ECF33}.Debug|Any CPU.Build.0 = Debug|Any CPU
		{9C338291-9E0B-47A3-BE17-FB2D387ECF33}.Debug|Mixed Platforms.ActiveCfg = Debug|Any CPU
		{9C338291-9E0B-47A3-BE17-FB2D387ECF33}.Debug|Mixed Platforms.Build.0 = Debug|Any CPU
		{9C338291-9E0B-47A3-BE17-FB2D387ECF33}.Debug|Win32.ActiveCfg = Debug|Any CPU
		{9C338291-9E0B-47A3-BE17-FB2D387ECF33}.Debug|Win32.Build.0 = Debug|Any CPU
		{9C338291-9E0B-47A3-BE17-FB2D387ECF33}.Release|Any CPU.ActiveCfg = Release|Any CPU
		{9C338291-9E0B-47A3-BE17-FB2D387ECF33}.Release|Any CPU.Build.0 = Release|Any CPU
		{9C338291-9E0B-47A3-BE17-FB2D387ECF33}.Release|Mixed Platforms.ActiveCfg = Release|Any CPU
		{9C338291-9E0B-47A3-BE17-FB2D387ECF33}.Release|Mixed Platforms.Build.0 = Release|Any CPU
		{9C338291-9E0B-47A3-BE17-FB2D387ECF33}.Release|Win32.ActiveCfg = Release|Any CPU
		{9C338291-9E0B-47A3-BE17-FB2D387ECF33}.Release|Win32.Build.0 = Release|Any CPU
		{D393418E-9FD9-484B-BAA7-788867D5EB14}.Debug|Any CPU.ActiveCfg = Debug|Any CPU
		{D393418E-9FD9-484B-BAA7-788867D5EB14}.Debug|Any CPU.Build.0 = Debug|Any CPU
		{D393418E-9FD9-484B-BAA7-788867D5EB14}.Debug|Mixed Platforms.ActiveCfg = Debug|Any CPU
		{D393418E-9FD9-484B-BAA7-788867D5EB14}.Debug|Mixed Platforms.Build.0 = Debug|Any CPU
		{D393418E-9FD9-484B-BAA7-788867D5EB14}.Debug|Win32.ActiveCfg = Debug|Any CPU
		{D393418E-9FD9-484B-BAA7-788867D5EB14}.Debug|Win32.Build.0 = Debug|Any CPU
		{D393418E-9FD9-484B-BAA7-788867D5EB14}.Release|Any CPU.ActiveCfg = Release|Any CPU
		{D393418E-9FD9-484B-BAA7-788867D5EB14}.Release|Any CPU.Build.0 = Release|Any CPU
		{D393418E-9FD9-484B-BAA7-788867D5EB14}.Release|Mixed Platforms.ActiveCfg = Release|Any CPU
		{D393418E-9FD9-484B-BAA7-788867D5EB14}.Release|Mixed Platforms.Build.0 = Release|Any CPU
		{D393418E-9FD9-484B-BAA7-788867D5EB14}.Release|Win32.ActiveCfg = Release|Any CPU
		{D393418E-9FD9-484B-BAA7-788867D5EB14}.Release|Win32.Build.0 = Release|Any CPU
	EndGlobalSection
	GlobalSection(SolutionProperties) = preSolution
		HideSolutionNode = FALSE
	EndGlobalSection
	GlobalSection(ExtensibilityGlobals) = postSolution
		SolutionGuid = {61293383-9B85-48BA-B616-3646F699D261}
	EndGlobalSection
	GlobalSection(TextTemplating) = postSolution
		TextTemplating = 1
	EndGlobalSection
EndGlobal
